PACKAGE_VERSION='0.2.4'
HERMES_AGENT_VERSION='0.21.5'
HERMES_AGENT_DISPLAY_VERSION='v0.21.5 (v2026.9.24)'
HERMES_AGENT_TAG='v2026.9.24'
HERMES_AGENT_COMMIT='f97608f178d1ffeca59860195ab7da295f7c8e5f'
HERMES_STUDIO_VERSION='0.7.30'
HERMES_STUDIO_DISPLAY_VERSION='v0.7.30'
HERMES_STUDIO_TAG='v0.7.30'
HERMES_STUDIO_COMMIT='c204d59bdf9106890495e633758685c4f94b6bed'
NODE_VERSION=24.6.0
AGENT_BROWSER_VERSION=0.26.0
PYTHON_VERSION=3.11
PYTHON_STANDALONE_VERSION=3.11.16
PYTHON_STANDALONE_BUILD_DATE=20260825
CHROMIUM_VERSION=152.0.7977.64
INTEGRATION_CONTRACT_VERSION=1
