AGENT_PACKAGE_VERSION=0.1.1
STUDIO_PACKAGE_VERSION=0.1.2
HERMES_AGENT_VERSION=2026.8.27
HERMES_AGENT_TAG=v2026.8.27
HERMES_AGENT_COMMIT=5fc308a70719a83cccdbba4c0e39c23f5a8239d5
HERMES_STUDIO_VERSION=0.7.1
HERMES_STUDIO_TAG=v0.7.1
HERMES_STUDIO_COMMIT=470cc6a34c046cba2e7d8ab28935dac377a4b005
NODE_VERSION=24.6.0
AGENT_BROWSER_VERSION=0.26.0
PYTHON_VERSION=3.11
PYTHON_STANDALONE_VERSION=3.11.16
PYTHON_STANDALONE_BUILD_DATE=20260825
CHROMIUM_VERSION=152.0.7977.64
INTEGRATION_CONTRACT_VERSION=1
