PACKAGE_VERSION='0.1.2'
HERMES_AGENT_VERSION='0.21.2'
HERMES_AGENT_DISPLAY_VERSION='v0.21.2 (v2026.9.11)'
HERMES_AGENT_TAG='v2026.9.11'
HERMES_AGENT_COMMIT='939e45c91d751fadd94dcd1b873ac3cb44846213'
HERMES_STUDIO_VERSION='0.7.21'
HERMES_STUDIO_DISPLAY_VERSION='v0.7.21'
HERMES_STUDIO_TAG='v0.7.21'
HERMES_STUDIO_COMMIT='8d964022d7002b17261840366fa1a1e0afa30db2'
NODE_VERSION=24.6.0
AGENT_BROWSER_VERSION=0.26.0
PYTHON_VERSION=3.11
PYTHON_STANDALONE_VERSION=3.11.16
PYTHON_STANDALONE_BUILD_DATE=20260825
CHROMIUM_VERSION=152.0.7977.64
INTEGRATION_CONTRACT_VERSION=1
